version = 1
revision = 3
requires-python = ">=3.11, <3.14"

[[package]]
name = "cuda-bindings"
version = "12.9.4"
source = { registry = "https://download.pytorch.org/whl/cu128" }
dependencies = [
    { name = "cuda-pathfinder" },
]
wheels = [
    { url = "https://download.pytorch.org/whl/cu128/cuda_bindings-12.9.4-cp311-cp311-manylinux_2_24_aarch64.manylinux_2_28_aarch64.whl", hash = "sha256:a6a429dc6c13148ff1e27c44f40a3dd23203823e637b87fd0854205195988306" },
    { url = "https://download.pytorch.org/whl/cu128/cuda_bindings-12.9.4-cp311-cp311-manylinux_2_24_x86_64.manylinux_2_28_x86_64.whl", hash = "sha256:c912a3d9e6b6651853eed8eed96d6800d69c08e94052c292fec3f282c5a817c9" },
    { url = "https://download.pytorch.org/whl/cu128/cuda_bindings-12.9.4-cp312-cp312-manylinux_2_24_aarch64.manylinux_2_28_aarch64.whl", hash = "sha256:694ba35023846625ef471257e6b5a4bc8af690f961d197d77d34b1d1db393f56" },
    { url = "https://download.pytorch.org/whl/cu128/cuda_bindings-12.9.4-cp312-cp312-manylinux_2_24_x86_64.manylinux_2_28_x86_64.whl", hash = "sha256:fda147a344e8eaeca0c6ff113d2851ffca8f7dfc0a6c932374ee5c47caa649c8" },
    { url = "https://download.pytorch.org/whl/cu128/cuda_bindings-12.9.4-cp313-cp313-manylinux_2_24_aarch64.manylinux_2_28_aarch64.whl", hash = "sha256:cf8bfaedc238f3b115d957d1fd6562b7e8435ba57f6d0e2f87d0e7149ccb2da5" },
    { url = "https://download.pytorch.org/whl/cu128/cuda_bindings-12.9.4-cp313-cp313-manylinux_2_24_x86_64.manylinux_2_28_x86_64.whl", hash = "sha256:32bdc5a76906be4c61eb98f546a6786c5773a881f3b166486449b5d141e4a39f" },
    { url = "https://download.pytorch.org/whl/cu128/cuda_bindings-12.9.4-cp313-cp313t-manylinux_2_24_aarch64.manylinux_2_28_aarch64.whl", hash = "sha256:3adf4958dcf68ae7801a59b73fb00a8b37f8d0595060d66ceae111b1002de38d" },
    { url = "https://download.pytorch.org/whl/cu128/cuda_bindings-12.9.4-cp313-cp313t-manylinux_2_24_x86_64.manylinux_2_28_x86_64.whl", hash = "sha256:56e0043c457a99ac473ddc926fe0dc4046694d99caef633e92601ab52cbe17eb" },
]

[[package]]
name = "cuda-pathfinder"
version = "1.2.2"
source = { registry = "https://download.pytorch.org/whl/cu128" }
wheels = [
    { url = "https://download.pytorch.org/whl/cuda_pathfinder-1.2.2-py3-none-any.whl" },
]

[[package]]
name = "cuda-toolkit"
version = "12.8.1"
source = { registry = "https://download.pytorch.org/whl/cu128" }
wheels = [
    { url = "https://pypi.nvidia.com/cuda-toolkit/cuda_toolkit-12.8.1-py2.py3-none-any.whl", hash = "sha256:adc7906af4ecbf9a352f9dca5734eceb21daec281ccfcf5675e1d2f724fc2cba" },
]

[package.optional-dependencies]
cublas = [
    { name = "nvidia-cublas-cu12", marker = "sys_platform == 'linux' or sys_platform == 'win32'" },
]
cudart = [
    { name = "nvidia-cuda-runtime-cu12", marker = "sys_platform == 'linux' or sys_platform == 'win32'" },
]
cufft = [
    { name = "nvidia-cufft-cu12", marker = "sys_platform == 'linux' or sys_platform == 'win32'" },
]
cufile = [
    { name = "nvidia-cufile-cu12", marker = "sys_platform == 'linux'" },
]
cupti = [
    { name = "nvidia-cuda-cupti-cu12", marker = "sys_platform == 'linux' or sys_platform == 'win32'" },
]
curand = [
    { name = "nvidia-curand-cu12", marker = "sys_platform == 'linux' or sys_platform == 'win32'" },
]
cusolver = [
    { name = "nvidia-cusolver-cu12", marker = "sys_platform == 'linux' or sys_platform == 'win32'" },
]
cusparse = [
    { name = "nvidia-cusparse-cu12", marker = "sys_platform == 'linux' or sys_platform == 'win32'" },
]
nvjitlink = [
    { name = "nvidia-nvjitlink-cu12", marker = "sys_platform == 'linux' or sys_platform == 'win32'" },
]
nvrtc = [
    { name = "nvidia-cuda-nvrtc-cu12", marker = "sys_platform == 'linux' or sys_platform == 'win32'" },
]
nvtx = [
    { name = "nvidia-nvtx-cu12", marker = "sys_platform == 'linux' or sys_platform == 'win32'" },
]

[[package]]
name = "filelock"
version = "3.25.2"
source = { registry = "https://download.pytorch.org/whl/cu128" }
sdist = { url = "https://files.pythonhosted.org/packages/94/b8/00651a0f559862f3bb7d6f7477b192afe3f583cc5e26403b44e59a55ab34/filelock-3.25.2.tar.gz", hash = "sha256:b64ece2b38f4ca29dd3e810287aa8c48182bbecd1ae6e9ae126c9b35f1382694" }
wheels = [
    { url = "https://files.pythonhosted.org/packages/a4/a5/842ae8f0c08b61d6484b52f99a03510a3a72d23141942d216ebe81fefbce/filelock-3.25.2-py3-none-any.whl", hash = "sha256:ca8afb0da15f229774c9ad1b455ed96e85a81373065fb10446672f64444ddf70" },
]

[[package]]
name = "flotation-prediction"
version = "0.1.0"
source = { virtual = "." }
dependencies = [
    { name = "torch" },
]

[package.metadata]
requires-dist = [{ name = "torch", specifier = ">=2.11.0" }]

[[package]]
name = "fsspec"
version = "2026.2.0"
source = { registry = "https://download.pytorch.org/whl/cu128" }
sdist = { url = "https://files.pythonhosted.org/packages/51/7c/f60c259dcbf4f0c47cc4ddb8f7720d2dcdc8888c8e5ad84c73ea4531cc5b/fsspec-2026.2.0.tar.gz", hash = "sha256:6544e34b16869f5aacd5b90bdf1a71acb37792ea3ddf6125ee69a22a53fb8bff" }
wheels = [
    { url = "https://files.pythonhosted.org/packages/e6/ab/fb21f4c939bb440104cc2b396d3be1d9b7a9fd3c6c2a53d98c45b3d7c954/fsspec-2026.2.0-py3-none-any.whl", hash = "sha256:98de475b5cb3bd66bedd5c4679e87b4fdfe1a3bf4d707b151b3c07e58c9a2437" },
]

[[package]]
name = "jinja2"
version = "3.1.6"
source = { registry = "https://download.pytorch.org/whl/cu128" }
dependencies = [
    { name = "markupsafe" },
]
wheels = [
    { url = "https://download.pytorch.org/whl/jinja2-3.1.6-py3-none-any.whl" },
]

[[package]]
name = "markupsafe"
version = "3.0.3"
source = { registry = "https://download.pytorch.org/whl/cu128" }
wheels = [
    { url = "https://download.pytorch.org/whl/markupsafe-3.0.3-cp311-cp311-macosx_11_0_arm64.whl" },
    { url = "https://download.pytorch.org/whl/markupsafe-3.0.3-cp311-cp311-manylinux2014_aarch64.manylinux_2_17_aarch64.manylinux_2_28_aarch64.whl" },
    { url = "https://download.pytorch.org/whl/markupsafe-3.0.3-cp311-cp311-manylinux2014_x86_64.manylinux_2_17_x86_64.manylinux_2_28_x86_64.whl" },
    { url = "https://download.pytorch.org/whl/markupsafe-3.0.3-cp311-cp311-win_amd64.whl" },
    { url = "https://download.pytorch.org/whl/markupsafe-3.0.3-cp312-cp312-macosx_11_0_arm64.whl" },
    { url = "https://download.pytorch.org/whl/markupsafe-3.0.3-cp312-cp312-manylinux2014_aarch64.manylinux_2_17_aarch64.manylinux_2_28_aarch64.whl" },
    { url = "https://download.pytorch.org/whl/markupsafe-3.0.3-cp312-cp312-manylinux2014_x86_64.manylinux_2_17_x86_64.manylinux_2_28_x86_64.whl" },
    { url = "https://download.pytorch.org/whl/markupsafe-3.0.3-cp312-cp312-win_amd64.whl" },
    { url = "https://download.pytorch.org/whl/markupsafe-3.0.3-cp313-cp313-macosx_11_0_arm64.whl" },
    { url = "https://download.pytorch.org/whl/markupsafe-3.0.3-cp313-cp313-manylinux2014_aarch64.manylinux_2_17_aarch64.manylinux_2_28_aarch64.whl" },
    { url = "https://download.pytorch.org/whl/markupsafe-3.0.3-cp313-cp313-manylinux2014_x86_64.manylinux_2_17_x86_64.manylinux_2_28_x86_64.whl" },
    { url = "https://download.pytorch.org/whl/markupsafe-3.0.3-cp313-cp313-win_amd64.whl" },
    { url = "https://download.pytorch.org/whl/markupsafe-3.0.3-cp313-cp313t-macosx_11_0_arm64.whl" },
    { url = "https://download.pytorch.org/whl/markupsafe-3.0.3-cp313-cp313t-manylinux2014_aarch64.manylinux_2_17_aarch64.manylinux_2_28_aarch64.whl" },
    { url = "https://download.pytorch.org/whl/markupsafe-3.0.3-cp313-cp313t-manylinux2014_x86_64.manylinux_2_17_x86_64.manylinux_2_28_x86_64.whl" },
    { url = "https://download.pytorch.org/whl/markupsafe-3.0.3-cp313-cp313t-win_amd64.whl" },
]

[[package]]
name = "mpmath"
version = "1.3.0"
source = { registry = "https://download.pytorch.org/whl/cu128" }
sdist = { url = "https://files.pythonhosted.org/packages/e0/47/dd32fa426cc72114383ac549964eecb20ecfd886d1e5ccf5340b55b02f57/mpmath-1.3.0.tar.gz", hash = "sha256:7a28eb2a9774d00c7bc92411c19a89209d5da7c4c9a9e227be8330a23a25b91f" }
wheels = [
    { url = "https://files.pythonhosted.org/packages/43/e3/7d92a15f894aa0c9c4b49b8ee9ac9850d6e63b03c9c32c0367a13ae62209/mpmath-1.3.0-py3-none-any.whl", hash = "sha256:a0b2b9fe80bbcd81a6647ff13108738cfb482d481d826cc0e02f5b35e5c88d2c" },
]

[[package]]
name = "networkx"
version = "3.6.1"
source = { registry = "https://download.pytorch.org/whl/cu128" }
sdist = { url = "https://files.pythonhosted.org/packages/6a/51/63fe664f3908c97be9d2e4f1158eb633317598cfa6e1fc14af5383f17512/networkx-3.6.1.tar.gz", hash = "sha256:26b7c357accc0c8cde558ad486283728b65b6a95d85ee1cd66bafab4c8168509" }
wheels = [
    { url = "https://files.pythonhosted.org/packages/9e/c9/b2622292ea83fbb4ec318f5b9ab867d0a28ab43c5717bb85b0a5f6b3b0a4/networkx-3.6.1-py3-none-any.whl", hash = "sha256:d47fbf302e7d9cbbb9e2555a0d267983d2aa476bac30e90dfbe5669bd57f3762" },
]

[[package]]
name = "nvidia-cublas-cu12"
version = "12.8.4.1"
source = { registry = "https://download.pytorch.org/whl/cu128" }
wheels = [
    { url = "https://pypi.nvidia.com/nvidia-cublas-cu12/nvidia_cublas_cu12-12.8.4.1-py3-none-manylinux_2_27_aarch64.whl", hash = "sha256:b86f6dd8935884615a0683b663891d43781b819ac4f2ba2b0c9604676af346d0" },
    { url = "https://pypi.nvidia.com/nvidia-cublas-cu12/nvidia_cublas_cu12-12.8.4.1-py3-none-manylinux_2_27_x86_64.whl", hash = "sha256:8ac4e771d5a348c551b2a426eda6193c19aa630236b418086020df5ba9667142" },
]

[[package]]
name = "nvidia-cuda-cupti-cu12"
version = "12.8.90"
source = { registry = "https://download.pytorch.org/whl/cu128" }
wheels = [
    { url = "https://pypi.nvidia.com/nvidia-cuda-cupti-cu12/nvidia_cuda_cupti_cu12-12.8.90-py3-none-manylinux2014_aarch64.manylinux_2_17_aarch64.whl", hash = "sha256:4412396548808ddfed3f17a467b104ba7751e6b58678a4b840675c56d21cf7ed" },
    { url = "https://pypi.nvidia.com/nvidia-cuda-cupti-cu12/nvidia_cuda_cupti_cu12-12.8.90-py3-none-manylinux2014_x86_64.manylinux_2_17_x86_64.whl", hash = "sha256:ea0cb07ebda26bb9b29ba82cda34849e73c166c18162d3913575b0c9db9a6182" },
]

[[package]]
name = "nvidia-cuda-nvrtc-cu12"
version = "12.8.93"
source = { registry = "https://download.pytorch.org/whl/cu128" }
wheels = [
    { url = "https://pypi.nvidia.com/nvidia-cuda-nvrtc-cu12/nvidia_cuda_nvrtc_cu12-12.8.93-py3-none-manylinux2010_x86_64.manylinux_2_12_x86_64.whl", hash = "sha256:a7756528852ef889772a84c6cd89d41dfa74667e24cca16bb31f8f061e3e9994" },
    { url = "https://pypi.nvidia.com/nvidia-cuda-nvrtc-cu12/nvidia_cuda_nvrtc_cu12-12.8.93-py3-none-manylinux2014_aarch64.manylinux_2_17_aarch64.whl", hash = "sha256:fc1fec1e1637854b4c0a65fb9a8346b51dd9ee69e61ebaccc82058441f15bce8" },
]

[[package]]
name = "nvidia-cuda-runtime-cu12"
version = "12.8.90"
source = { registry = "https://download.pytorch.org/whl/cu128" }
wheels = [
    { url = "https://pypi.nvidia.com/nvidia-cuda-runtime-cu12/nvidia_cuda_runtime_cu12-12.8.90-py3-none-manylinux2014_aarch64.manylinux_2_17_aarch64.whl", hash = "sha256:52bf7bbee900262ffefe5e9d5a2a69a30d97e2bc5bb6cc866688caa976966e3d" },
    { url = "https://pypi.nvidia.com/nvidia-cuda-runtime-cu12/nvidia_cuda_runtime_cu12-12.8.90-py3-none-manylinux2014_x86_64.manylinux_2_17_x86_64.whl", hash = "sha256:adade8dcbd0edf427b7204d480d6066d33902cab2a4707dcfc48a2d0fd44ab90" },
]

[[package]]
name = "nvidia-cudnn-cu12"
version = "9.19.0.56"
source = { registry = "https://download.pytorch.org/whl/cu128" }
dependencies = [
    { name = "nvidia-cublas-cu12" },
]
wheels = [
    { url = "https://pypi.nvidia.com/nvidia-cudnn-cu12/nvidia_cudnn_cu12-9.19.0.56-py3-none-manylinux_2_27_aarch64.whl", hash = "sha256:08caaf27fe556aca82a3ee3b5aa49a77e7de0cfcb7ff4e5c29da426387a8267e" },
    { url = "https://pypi.nvidia.com/nvidia-cudnn-cu12/nvidia_cudnn_cu12-9.19.0.56-py3-none-manylinux_2_27_x86_64.whl", hash = "sha256:ac6ad90a075bb33a94f2b4cf4622eac13dd4dc65cf6dd9c7572a318516a36625" },
]

[[package]]
name = "nvidia-cufft-cu12"
version = "11.3.3.83"
source = { registry = "https://download.pytorch.org/whl/cu128" }
dependencies = [
    { name = "nvidia-nvjitlink-cu12" },
]
wheels = [
    { url = "https://pypi.nvidia.com/nvidia-cufft-cu12/nvidia_cufft_cu12-11.3.3.83-py3-none-manylinux2014_aarch64.manylinux_2_17_aarch64.whl", hash = "sha256:848ef7224d6305cdb2a4df928759dca7b1201874787083b6e7550dd6765ce69a" },
    { url = "https://pypi.nvidia.com/nvidia-cufft-cu12/nvidia_cufft_cu12-11.3.3.83-py3-none-manylinux2014_x86_64.manylinux_2_17_x86_64.whl", hash = "sha256:4d2dd21ec0b88cf61b62e6b43564355e5222e4a3fb394cac0db101f2dd0d4f74" },
]

[[package]]
name = "nvidia-cufile-cu12"
version = "1.13.1.3"
source = { registry = "https://download.pytorch.org/whl/cu128" }
wheels = [
    { url = "https://pypi.nvidia.com/nvidia-cufile-cu12/nvidia_cufile_cu12-1.13.1.3-py3-none-manylinux2014_x86_64.manylinux_2_17_x86_64.whl", hash = "sha256:1d069003be650e131b21c932ec3d8969c1715379251f8d23a1860554b1cb24fc" },
    { url = "https://pypi.nvidia.com/nvidia-cufile-cu12/nvidia_cufile_cu12-1.13.1.3-py3-none-manylinux_2_27_aarch64.whl", hash = "sha256:4beb6d4cce47c1a0f1013d72e02b0994730359e17801d395bdcbf20cfb3bb00a" },
]

[[package]]
name = "nvidia-curand-cu12"
version = "10.3.9.90"
source = { registry = "https://download.pytorch.org/whl/cu128" }
wheels = [
    { url = "https://pypi.nvidia.com/nvidia-curand-cu12/nvidia_curand_cu12-10.3.9.90-py3-none-manylinux_2_27_aarch64.whl", hash = "sha256:dfab99248034673b779bc6decafdc3404a8a6f502462201f2f31f11354204acd" },
    { url = "https://pypi.nvidia.com/nvidia-curand-cu12/nvidia_curand_cu12-10.3.9.90-py3-none-manylinux_2_27_x86_64.whl", hash = "sha256:b32331d4f4df5d6eefa0554c565b626c7216f87a06a4f56fab27c3b68a830ec9" },
]

[[package]]
name = "nvidia-cusolver-cu12"
version = "11.7.3.90"
source = { registry = "https://download.pytorch.org/whl/cu128" }
dependencies = [
    { name = "nvidia-cublas-cu12" },
    { name = "nvidia-cusparse-cu12" },
    { name = "nvidia-nvjitlink-cu12" },
]
wheels = [
    { url = "https://pypi.nvidia.com/nvidia-cusolver-cu12/nvidia_cusolver_cu12-11.7.3.90-py3-none-manylinux_2_27_aarch64.whl", hash = "sha256:db9ed69dbef9715071232caa9b69c52ac7de3a95773c2db65bdba85916e4e5c0" },
    { url = "https://pypi.nvidia.com/nvidia-cusolver-cu12/nvidia_cusolver_cu12-11.7.3.90-py3-none-manylinux_2_27_x86_64.whl", hash = "sha256:4376c11ad263152bd50ea295c05370360776f8c3427b30991df774f9fb26c450" },
]

[[package]]
name = "nvidia-cusparse-cu12"
version = "12.5.8.93"
source = { registry = "https://download.pytorch.org/whl/cu128" }
dependencies = [
    { name = "nvidia-nvjitlink-cu12" },
]
wheels = [
    { url = "https://pypi.nvidia.com/nvidia-cusparse-cu12/nvidia_cusparse_cu12-12.5.8.93-py3-none-manylinux2014_aarch64.manylinux_2_17_aarch64.whl", hash = "sha256:9b6c161cb130be1a07a27ea6923df8141f3c295852f4b260c65f18f3e0a091dc" },
    { url = "https://pypi.nvidia.com/nvidia-cusparse-cu12/nvidia_cusparse_cu12-12.5.8.93-py3-none-manylinux2014_x86_64.manylinux_2_17_x86_64.whl", hash = "sha256:1ec05d76bbbd8b61b06a80e1eaf8cf4959c3d4ce8e711b65ebd0443bb0ebb13b" },
]

[[package]]
name = "nvidia-cusparselt-cu12"
version = "0.7.1"
source = { registry = "https://download.pytorch.org/whl/cu128" }
wheels = [
    { url = "https://pypi.nvidia.com/nvidia-cusparselt-cu12/nvidia_cusparselt_cu12-0.7.1-py3-none-manylinux2014_aarch64.whl", hash = "sha256:8878dce784d0fac90131b6817b607e803c36e629ba34dc5b433471382196b6a5" },
    { url = "https://pypi.nvidia.com/nvidia-cusparselt-cu12/nvidia_cusparselt_cu12-0.7.1-py3-none-manylinux2014_x86_64.whl", hash = "sha256:f1bb701d6b930d5a7cea44c19ceb973311500847f81b634d802b7b539dc55623" },
]

[[package]]
name = "nvidia-nccl-cu12"
version = "2.28.9"
source = { registry = "https://download.pytorch.org/whl/cu128" }
wheels = [
    { url = "https://pypi.nvidia.com/nvidia-nccl-cu12/nvidia_nccl_cu12-2.28.9-py3-none-manylinux_2_18_aarch64.whl", hash = "sha256:50a36e01c4a090b9f9c47d92cec54964de6b9fcb3362d0e19b8ffc6323c21b60" },
    { url = "https://pypi.nvidia.com/nvidia-nccl-cu12/nvidia_nccl_cu12-2.28.9-py3-none-manylinux_2_18_x86_64.whl", hash = "sha256:485776daa8447da5da39681af455aa3b2c2586ddcf4af8772495e7c532c7e5ab" },
]

[[package]]
name = "nvidia-nvjitlink-cu12"
version = "12.8.93"
source = { registry = "https://download.pytorch.org/whl/cu128" }
wheels = [
    { url = "https://pypi.nvidia.com/nvidia-nvjitlink-cu12/nvidia_nvjitlink_cu12-12.8.93-py3-none-manylinux2010_x86_64.manylinux_2_12_x86_64.whl", hash = "sha256:81ff63371a7ebd6e6451970684f916be2eab07321b73c9d244dc2b4da7f73b88" },
    { url = "https://pypi.nvidia.com/nvidia-nvjitlink-cu12/nvidia_nvjitlink_cu12-12.8.93-py3-none-manylinux2014_aarch64.manylinux_2_17_aarch64.whl", hash = "sha256:adccd7161ace7261e01bb91e44e88da350895c270d23f744f0820c818b7229e7" },
]

[[package]]
name = "nvidia-nvshmem-cu12"
version = "3.4.5"
source = { registry = "https://download.pytorch.org/whl/cu128" }
wheels = [
    { url = "https://pypi.nvidia.com/nvidia-nvshmem-cu12/nvidia_nvshmem_cu12-3.4.5-py3-none-manylinux2014_aarch64.manylinux_2_17_aarch64.whl", hash = "sha256:0b48363fc6964dede448029434c6abed6c5e37f823cb43c3bcde7ecfc0457e15" },
    { url = "https://pypi.nvidia.com/nvidia-nvshmem-cu12/nvidia_nvshmem_cu12-3.4.5-py3-none-manylinux2014_x86_64.manylinux_2_17_x86_64.whl", hash = "sha256:042f2500f24c021db8a06c5eec2539027d57460e1c1a762055a6554f72c369bd" },
]

[[package]]
name = "nvidia-nvtx-cu12"
version = "12.8.90"
source = { registry = "https://download.pytorch.org/whl/cu128" }
wheels = [
    { url = "https://pypi.nvidia.com/nvidia-nvtx-cu12/nvidia_nvtx_cu12-12.8.90-py3-none-manylinux2014_aarch64.manylinux_2_17_aarch64.whl", hash = "sha256:d7ad891da111ebafbf7e015d34879f7112832fc239ff0d7d776b6cb685274615" },
    { url = "https://pypi.nvidia.com/nvidia-nvtx-cu12/nvidia_nvtx_cu12-12.8.90-py3-none-manylinux2014_x86_64.manylinux_2_17_x86_64.whl", hash = "sha256:5b17e2001cc0d751a5bc2c6ec6d26ad95913324a4adb86788c944f8ce9ba441f" },
]

[[package]]
name = "setuptools"
version = "70.2.0"
source = { registry = "https://download.pytorch.org/whl/cu128" }
wheels = [
    { url = "https://download.pytorch.org/whl/setuptools-70.2.0-py3-none-any.whl", hash = "sha256:b8b8060bb426838fbe942479c90296ce976249451118ef566a5a0b7d8b78fb05" },
]

[[package]]
name = "sympy"
version = "1.14.0"
source = { registry = "https://download.pytorch.org/whl/cu128" }
dependencies = [
    { name = "mpmath" },
]
sdist = { url = "https://files.pythonhosted.org/packages/83/d3/803453b36afefb7c2bb238361cd4ae6125a569b4db67cd9e79846ba2d68c/sympy-1.14.0.tar.gz", hash = "sha256:d3d3fe8df1e5a0b42f0e7bdf50541697dbe7d23746e894990c030e2b05e72517" }
wheels = [
    { url = "https://files.pythonhosted.org/packages/a2/09/77d55d46fd61b4a135c444fc97158ef34a095e5681d0a6c10b75bf356191/sympy-1.14.0-py3-none-any.whl", hash = "sha256:e091cc3e99d2141a0ba2847328f5479b05d94a6635cb96148ccb3f34671bd8f5" },
]

[[package]]
name = "torch"
version = "2.11.0+cu128"
source = { registry = "https://download.pytorch.org/whl/cu128" }
dependencies = [
    { name = "cuda-bindings", marker = "sys_platform == 'linux'" },
    { name = "cuda-toolkit", extra = ["cublas", "cudart", "cufft", "cufile", "cupti", "curand", "cusolver", "cusparse", "nvjitlink", "nvrtc", "nvtx"], marker = "sys_platform == 'linux'" },
    { name = "filelock" },
    { name = "fsspec" },
    { name = "jinja2" },
    { name = "networkx" },
    { name = "nvidia-cudnn-cu12", marker = "sys_platform == 'linux'" },
    { name = "nvidia-cusparselt-cu12", marker = "sys_platform == 'linux'" },
    { name = "nvidia-nccl-cu12", marker = "sys_platform == 'linux'" },
    { name = "nvidia-nvshmem-cu12", marker = "sys_platform == 'linux'" },
    { name = "setuptools" },
    { name = "sympy" },
    { name = "triton", marker = "sys_platform == 'linux'" },
    { name = "typing-extensions" },
]
wheels = [
    { url = "https://download-r2.pytorch.org/whl/cu128/torch-2.11.0%2Bcu128-cp311-cp311-manylinux_2_28_aarch64.whl" },
    { url = "https://download-r2.pytorch.org/whl/cu128/torch-2.11.0%2Bcu128-cp311-cp311-manylinux_2_28_x86_64.whl" },
    { url = "https://download-r2.pytorch.org/whl/cu128/torch-2.11.0%2Bcu128-cp311-cp311-win_amd64.whl" },
    { url = "https://download-r2.pytorch.org/whl/cu128/torch-2.11.0%2Bcu128-cp312-cp312-manylinux_2_28_aarch64.whl" },
    { url = "https://download-r2.pytorch.org/whl/cu128/torch-2.11.0%2Bcu128-cp312-cp312-manylinux_2_28_x86_64.whl" },
    { url = "https://download-r2.pytorch.org/whl/cu128/torch-2.11.0%2Bcu128-cp312-cp312-win_amd64.whl" },
    { url = "https://download-r2.pytorch.org/whl/cu128/torch-2.11.0%2Bcu128-cp313-cp313-manylinux_2_28_aarch64.whl" },
    { url = "https://download-r2.pytorch.org/whl/cu128/torch-2.11.0%2Bcu128-cp313-cp313-manylinux_2_28_x86_64.whl" },
    { url = "https://download-r2.pytorch.org/whl/cu128/torch-2.11.0%2Bcu128-cp313-cp313-win_amd64.whl" },
    { url = "https://download-r2.pytorch.org/whl/cu128/torch-2.11.0%2Bcu128-cp313-cp313t-manylinux_2_28_aarch64.whl" },
    { url = "https://download-r2.pytorch.org/whl/cu128/torch-2.11.0%2Bcu128-cp313-cp313t-manylinux_2_28_x86_64.whl" },
    { url = "https://download-r2.pytorch.org/whl/cu128/torch-2.11.0%2Bcu128-cp313-cp313t-win_amd64.whl" },
]

[[package]]
name = "triton"
version = "3.6.0"
source = { registry = "https://download.pytorch.org/whl/cu128" }
wheels = [
    { url = "https://download-r2.pytorch.org/whl/triton-3.6.0-cp311-cp311-manylinux_2_27_aarch64.manylinux_2_28_aarch64.whl", hash = "sha256:290687f4f310ce794a07d6a43fa94dea9bda86615bf04578533378503bed715a" },
    { url = "https://download-r2.pytorch.org/whl/triton-3.6.0-cp311-cp311-manylinux_2_27_x86_64.manylinux_2_28_x86_64.whl", hash = "sha256:e021e87e8f266c6f87bf379b669c43c2800aac6247bdf5d518cb553e3c403c00" },
    { url = "https://download-r2.pytorch.org/whl/triton-3.6.0-cp312-cp312-manylinux_2_27_aarch64.manylinux_2_28_aarch64.whl", hash = "sha256:6e42d084864d12b8784736fe51a0cd05f6cc56775b25c8102c9d80c421f4e298" },
    { url = "https://download-r2.pytorch.org/whl/triton-3.6.0-cp312-cp312-manylinux_2_27_x86_64.manylinux_2_28_x86_64.whl", hash = "sha256:6f5928e6d44c34a97bbe164cceddc0ef2007121c89ebcfba5415cf452de7ee9f" },
    { url = "https://download-r2.pytorch.org/whl/triton-3.6.0-cp313-cp313-manylinux_2_27_aarch64.manylinux_2_28_aarch64.whl", hash = "sha256:58d57d6796b0004076315433526fe9d4af42044d430afdee1e6cd42a76bd6d09" },
    { url = "https://download-r2.pytorch.org/whl/triton-3.6.0-cp313-cp313-manylinux_2_27_x86_64.manylinux_2_28_x86_64.whl", hash = "sha256:0075039ff27765480083b1a109999bf27110f3542f1f9fad95f0f9065a36da79" },
    { url = "https://download-r2.pytorch.org/whl/triton-3.6.0-cp313-cp313t-manylinux_2_27_aarch64.manylinux_2_28_aarch64.whl", hash = "sha256:29ff9ec4c96f405bf2735c531af27f8cc2215927440e52fb1fbc8014961d5d12" },
    { url = "https://download-r2.pytorch.org/whl/triton-3.6.0-cp313-cp313t-manylinux_2_27_x86_64.manylinux_2_28_x86_64.whl", hash = "sha256:a619c81f8e77116b1d10aec34d62db72daa5c0fb70a6478c9afab25edb729c52" },
]

[[package]]
name = "typing-extensions"
version = "4.15.0"
source = { registry = "https://download.pytorch.org/whl/cu128" }
wheels = [
    { url = "https://download.pytorch.org/whl/typing_extensions-4.15.0-py3-none-any.whl" },
]
